{
  "name": "image-recognition",
  "version": "1.0.0",
  "lockfileVersion": 1,
  "requires": true,
  "dependencies": {
    "abbrev": {
      "version": "1.1.1",
      "resolved": "https://registry.npmjs.org/abbrev/-/abbrev-1.1.1.tgz",
      "integrity": "sha512-nne9/IiQ/hzIhY6pdDnbBtz7DjPTKrY00P/zvPSm5pOFkl6xuGrGnXn/VtTNNfNtAfZ9/1RtehkszU9qcTii0Q=="
    },
    "macro-inferno": {
      "version": "0.2.1",
      "resolved": "https://registry.npmjs.org/macro-inferno/-/macro-inferno-0.2.1.tgz",
      "integrity": "sha512-5fnnX5OJSJq4PFMKiiv+lKJqbxHHQXfvTLbRjV3fHIr86ELpljOzVEjEmsY2VI3R2RwWLUM0NHrygpexdH4S4g==",
      "requires": {
        "nan": "2.8.0"
      }
    },
    "nan": {
      "version": "2.8.0",
      "resolved": "https://registry.npmjs.org/nan/-/nan-2.8.0.tgz",
      "integrity": "sha1-7XFfP+neArV6XmJS2QqWZ14fCFo="
    },
    "node-webcam": {
      "version": "0.4.3",
      "resolved": "https://registry.npmjs.org/node-webcam/-/node-webcam-0.4.3.tgz",
      "integrity": "sha1-W9WDxEaMol1zg8DFftuYj/IPsSo=",
      "requires": {
        "nopt": "4.0.1"
      }
    },
    "nopt": {
      "version": "4.0.1",
      "resolved": "https://registry.npmjs.org/nopt/-/nopt-4.0.1.tgz",
      "integrity": "sha1-0NRoWv1UFRk8jHUFYC0NF81kR00=",
      "requires": {
        "abbrev": "1.1.1",
        "osenv": "0.1.4"
      }
    },
    "opencv4nodejs": {
      "version": "2.22.3",
      "resolved": "https://registry.npmjs.org/opencv4nodejs/-/opencv4nodejs-2.22.3.tgz",
      "integrity": "sha512-G3GEw7bw6jYl4f3IajPG4/62lQbdOdXGnMUzUmSvSt3Pv3L4dTgPwcj8NfFvSJWocIswo41LOGMoVB/k4VBFSA==",
      "requires": {
        "macro-inferno": "0.2.1",
        "nan": "2.8.0"
      }
    },
    "os-homedir": {
      "version": "1.0.2",
      "resolved": "https://registry.npmjs.org/os-homedir/-/os-homedir-1.0.2.tgz",
      "integrity": "sha1-/7xJiDNuDoM94MFox+8VISGqf7M="
    },
    "os-tmpdir": {
      "version": "1.0.2",
      "resolved": "https://registry.npmjs.org/os-tmpdir/-/os-tmpdir-1.0.2.tgz",
      "integrity": "sha1-u+Z0BseaqFxc/sdm/lc0VV36EnQ="
    },
    "osenv": {
      "version": "0.1.4",
      "resolved": "https://registry.npmjs.org/osenv/-/osenv-0.1.4.tgz",
      "integrity": "sha1-Qv5tWVPfBsgGS+bxdsPQWqqjRkQ=",
      "requires": {
        "os-homedir": "1.0.2",
        "os-tmpdir": "1.0.2"
      }
    }
  }
}
